{
  "name": "elm-ffi-adobe",
  "lockfileVersion": 3,
  "requires": true,
  "packages": {
    "": {
      "name": "elm-ffi-adobe",
      "devDependencies": {
        "elm-ffi": "github:pravdomil/elm-ffi"
      }
    },
    "node_modules/elm-ffi": {
      "resolved": "git+ssh://git@github.com/pravdomil/elm-ffi.git#0c44166e064e6b4d77b07588ad27ee7611491e09",
      "dev": true,
      "bin": {
        "elm-ffi": "bin/elm-ffi"
      }
    }
  }
}
